// !$*UTF8*$!
{
	archiveVersion = 1;
	classes = {
	};
	objectVersion = 46;
	objects = {

/* Begin PBXBuildFile section */
		4B6D27CC1E614674002A56BF /* RadioAVPlayer.swift in Sources */ = {isa = PBXBuildFile; fileRef = 4B6D27CB1E614674002A56BF /* RadioAVPlayer.swift */; };
		4B6D27CE1E6147A2002A56BF /* RadioAVPlayerItem.swift in Sources */ = {isa = PBXBuildFile; fileRef = 4B6D27CD1E6147A2002A56BF /* RadioAVPlayerItem.swift */; };
		4B7275221E5A8CF0004D9A33 /* FBAnnotation.swift in Sources */ = {isa = PBXBuildFile; fileRef = 4B7275171E5A8CF0004D9A33 /* FBAnnotation.swift */; };
		4B7275231E5A8CF0004D9A33 /* FBAnnotationCluster.swift in Sources */ = {isa = PBXBuildFile; fileRef = 4B7275181E5A8CF0004D9A33 /* FBAnnotationCluster.swift */; };
		4B7275241E5A8CF0004D9A33 /* FBAnnotationClusterTemplate.swift in Sources */ = {isa = PBXBuildFile; fileRef = 4B7275191E5A8CF0004D9A33 /* FBAnnotationClusterTemplate.swift */; };
		4B7275251E5A8CF0004D9A33 /* FBAnnotationClusterView.swift in Sources */ = {isa = PBXBuildFile; fileRef = 4B72751A1E5A8CF0004D9A33 /* FBAnnotationClusterView.swift */; };
		4B7275261E5A8CF0004D9A33 /* FBAnnotationClusterViewConfiguration.swift in Sources */ = {isa = PBXBuildFile; fileRef = 4B72751B1E5A8CF0004D9A33 /* FBAnnotationClusterViewConfiguration.swift */; };
		4B7275281E5A8CF0004D9A33 /* FBBoundingBox+MapKit.swift in Sources */ = {isa = PBXBuildFile; fileRef = 4B72751D1E5A8CF0004D9A33 /* FBBoundingBox+MapKit.swift */; };
		4B7275291E5A8CF0004D9A33 /* FBClusteringManager.swift in Sources */ = {isa = PBXBuildFile; fileRef = 4B72751E1E5A8CF0004D9A33 /* FBClusteringManager.swift */; };
		4B72752A1E5A8CF0004D9A33 /* FBQuadTree.swift in Sources */ = {isa = PBXBuildFile; fileRef = 4B72751F1E5A8CF0004D9A33 /* FBQuadTree.swift */; };
		4B72752B1E5A8CF0004D9A33 /* FBQuadTreeNode.swift in Sources */ = {isa = PBXBuildFile; fileRef = 4B7275201E5A8CF0004D9A33 /* FBQuadTreeNode.swift */; };
		4B72752C1E5A8CF0004D9A33 /* FBZoomLevel.swift in Sources */ = {isa = PBXBuildFile; fileRef = 4B7275211E5A8CF0004D9A33 /* FBZoomLevel.swift */; };
		4B72752E1E5A8DD1004D9A33 /* FBBoundingBox.swift in Sources */ = {isa = PBXBuildFile; fileRef = 4B72752D1E5A8DD1004D9A33 /* FBBoundingBox.swift */; };
		7D67D284014609AA2167E64A /* Pods_RadioAtlas.framework in Frameworks */ = {isa = PBXBuildFile; fileRef = D304623B70BA7360E16934D6 /* Pods_RadioAtlas.framework */; };
		873B5FE01E2FB6970057D735 /* AppDelegate.swift in Sources */ = {isa = PBXBuildFile; fileRef = 873B5FDF1E2FB6970057D735 /* AppDelegate.swift */; };
		873B5FE21E2FB6970057D735 /* MapViewController.swift in Sources */ = {isa = PBXBuildFile; fileRef = 873B5FE11E2FB6970057D735 /* MapViewController.swift */; };
		873B5FE51E2FB6970057D735 /* Main.storyboard in Resources */ = {isa = PBXBuildFile; fileRef = 873B5FE31E2FB6970057D735 /* Main.storyboard */; };
		873B5FE81E2FB6970057D735 /* RadioAtlas.xcdatamodeld in Sources */ = {isa = PBXBuildFile; fileRef = 873B5FE61E2FB6970057D735 /* RadioAtlas.xcdatamodeld */; };
		873B5FEA1E2FB6970057D735 /* Assets.xcassets in Resources */ = {isa = PBXBuildFile; fileRef = 873B5FE91E2FB6970057D735 /* Assets.xcassets */; };
		873B5FED1E2FB6970057D735 /* LaunchScreen.storyboard in Resources */ = {isa = PBXBuildFile; fileRef = 873B5FEB1E2FB6970057D735 /* LaunchScreen.storyboard */; };
		873B5FF81E2FB6980057D735 /* RadioAtlasTests.swift in Sources */ = {isa = PBXBuildFile; fileRef = 873B5FF71E2FB6980057D735 /* RadioAtlasTests.swift */; };
		873B60031E2FB6980057D735 /* RadioAtlasUITests.swift in Sources */ = {isa = PBXBuildFile; fileRef = 873B60021E2FB6980057D735 /* RadioAtlasUITests.swift */; };
		873B60121E2FBB820057D735 /* Reachability.swift in Sources */ = {isa = PBXBuildFile; fileRef = 873B60111E2FBB820057D735 /* Reachability.swift */; };
		873B60141E2FBB9A0057D735 /* PinAnnotation.swift in Sources */ = {isa = PBXBuildFile; fileRef = 873B60131E2FBB9A0057D735 /* PinAnnotation.swift */; };
		873B60161E2FBBAF0057D735 /* TableViewController.swift in Sources */ = {isa = PBXBuildFile; fileRef = 873B60151E2FBBAF0057D735 /* TableViewController.swift */; };
		873B60181E2FBBC00057D735 /* TableViewCell.swift in Sources */ = {isa = PBXBuildFile; fileRef = 873B60171E2FBBC00057D735 /* TableViewCell.swift */; };
		873B601F1E2FBC3B0057D735 /* Constants.swift in Sources */ = {isa = PBXBuildFile; fileRef = 873B601E1E2FBC3B0057D735 /* Constants.swift */; };
		873B60211E2FBC4B0057D735 /* Client.swift in Sources */ = {isa = PBXBuildFile; fileRef = 873B60201E2FBC4B0057D735 /* Client.swift */; };
		873B60231E2FBC5D0057D735 /* Convenience.swift in Sources */ = {isa = PBXBuildFile; fileRef = 873B60221E2FBC5D0057D735 /* Convenience.swift */; };
		873B60281E2FBCFC0057D735 /* CoreDataStackManager.swift in Sources */ = {isa = PBXBuildFile; fileRef = 873B60271E2FBCFC0057D735 /* CoreDataStackManager.swift */; };
		873B602A1E2FBD120057D735 /* RadioInfo.swift in Sources */ = {isa = PBXBuildFile; fileRef = 873B60291E2FBD120057D735 /* RadioInfo.swift */; };
		873B60311E2FBE6E0057D735 /* Station+CoreDataClass.swift in Sources */ = {isa = PBXBuildFile; fileRef = 873B602F1E2FBE6E0057D735 /* Station+CoreDataClass.swift */; };
		873B60351E2FD18E0057D735 /* CoreLocation.framework in Frameworks */ = {isa = PBXBuildFile; fileRef = 873B60341E2FD18E0057D735 /* CoreLocation.framework */; };
		873B60371E2FD1960057D735 /* AVFoundation.framework in Frameworks */ = {isa = PBXBuildFile; fileRef = 873B60361E2FD1960057D735 /* AVFoundation.framework */; };
		873B60391E2FD19F0057D735 /* MapKit.framework in Frameworks */ = {isa = PBXBuildFile; fileRef = 873B60381E2FD19F0057D735 /* MapKit.framework */; };
		878130631E35C6FA00E70D0B /* Assets.xcassets in Resources */ = {isa = PBXBuildFile; fileRef = 873B5FE91E2FB6970057D735 /* Assets.xcassets */; };
		878130641E35C6FB00E70D0B /* Assets.xcassets in Resources */ = {isa = PBXBuildFile; fileRef = 873B5FE91E2FB6970057D735 /* Assets.xcassets */; };
		87C7FF191E4E6790004533EC /* Music.swift in Sources */ = {isa = PBXBuildFile; fileRef = 87C7FF181E4E6790004533EC /* Music.swift */; };
		D3026B89E55364DECBE4877B /* Pods_RadioAtlasTests.framework in Frameworks */ = {isa = PBXBuildFile; fileRef = 97C20605922CC577CF14A5A0 /* Pods_RadioAtlasTests.framework */; };
		E649A9022A23FAEB13284159 /* Pods_RadioAtlasUITests.framework in Frameworks */ = {isa = PBXBuildFile; fileRef = 8934AC8AC195250FD3522B8E /* Pods_RadioAtlasUITests.framework */; };
/* End PBXBuildFile section */

/* Begin PBXContainerItemProxy section */
		873B5FF41E2FB6980057D735 /* PBXContainerItemProxy */ = {
			isa = PBXContainerItemProxy;
			containerPortal = 873B5FD41E2FB6970057D735 /* Project object */;
			proxyType = 1;
			remoteGlobalIDString = 873B5FDB1E2FB6970057D735;
			remoteInfo = RadioAtlas;
		};
		873B5FFF1E2FB6980057D735 /* PBXContainerItemProxy */ = {
			isa = PBXContainerItemProxy;
			containerPortal = 873B5FD41E2FB6970057D735 /* Project object */;
			proxyType = 1;
			remoteGlobalIDString = 873B5FDB1E2FB6970057D735;
			remoteInfo = RadioAtlas;
		};
/* End PBXContainerItemProxy section */

/* Begin PBXFileReference section */
		4B6D27CB1E614674002A56BF /* RadioAVPlayer.swift */ = {isa = PBXFileReference; fileEncoding = 4; lastKnownFileType = sourcecode.swift; path = RadioAVPlayer.swift; sourceTree = "<group>"; };
		4B6D27CD1E6147A2002A56BF /* RadioAVPlayerItem.swift */ = {isa = PBXFileReference; fileEncoding = 4; lastKnownFileType = sourcecode.swift; path = RadioAVPlayerItem.swift; sourceTree = "<group>"; };
		4B7275171E5A8CF0004D9A33 /* FBAnnotation.swift */ = {isa = PBXFileReference; fileEncoding = 4; lastKnownFileType = sourcecode.swift; path = FBAnnotation.swift; sourceTree = "<group>"; };
		4B7275181E5A8CF0004D9A33 /* FBAnnotationCluster.swift */ = {isa = PBXFileReference; fileEncoding = 4; lastKnownFileType = sourcecode.swift; path = FBAnnotationCluster.swift; sourceTree = "<group>"; };
		4B7275191E5A8CF0004D9A33 /* FBAnnotationClusterTemplate.swift */ = {isa = PBXFileReference; fileEncoding = 4; lastKnownFileType = sourcecode.swift; path = FBAnnotationClusterTemplate.swift; sourceTree = "<group>"; };
		4B72751A1E5A8CF0004D9A33 /* FBAnnotationClusterView.swift */ = {isa = PBXFileReference; fileEncoding = 4; lastKnownFileType = sourcecode.swift; path = FBAnnotationClusterView.swift; sourceTree = "<group>"; };
		4B72751B1E5A8CF0004D9A33 /* FBAnnotationClusterViewConfiguration.swift */ = {isa = PBXFileReference; fileEncoding = 4; lastKnownFileType = sourcecode.swift; path = FBAnnotationClusterViewConfiguration.swift; sourceTree = "<group>"; };
		4B72751D1E5A8CF0004D9A33 /* FBBoundingBox+MapKit.swift */ = {isa = PBXFileReference; fileEncoding = 4; lastKnownFileType = sourcecode.swift; path = "FBBoundingBox+MapKit.swift"; sourceTree = "<group>"; };
		4B72751E1E5A8CF0004D9A33 /* FBClusteringManager.swift */ = {isa = PBXFileReference; fileEncoding = 4; lastKnownFileType = sourcecode.swift; path = FBClusteringManager.swift; sourceTree = "<group>"; };
		4B72751F1E5A8CF0004D9A33 /* FBQuadTree.swift */ = {isa = PBXFileReference; fileEncoding = 4; lastKnownFileType = sourcecode.swift; path = FBQuadTree.swift; sourceTree = "<group>"; };
		4B7275201E5A8CF0004D9A33 /* FBQuadTreeNode.swift */ = {isa = PBXFileReference; fileEncoding = 4; lastKnownFileType = sourcecode.swift; path = FBQuadTreeNode.swift; sourceTree = "<group>"; };
		4B7275211E5A8CF0004D9A33 /* FBZoomLevel.swift */ = {isa = PBXFileReference; fileEncoding = 4; lastKnownFileType = sourcecode.swift; path = FBZoomLevel.swift; sourceTree = "<group>"; };
		4B72752D1E5A8DD1004D9A33 /* FBBoundingBox.swift */ = {isa = PBXFileReference; fileEncoding = 4; lastKnownFileType = sourcecode.swift; path = FBBoundingBox.swift; sourceTree = "<group>"; };
		5B90876A0EC360AAC0265B8E /* Pods-RadioAtlasUITests.release.xcconfig */ = {isa = PBXFileReference; includeInIndex = 1; lastKnownFileType = text.xcconfig; name = "Pods-RadioAtlasUITests.release.xcconfig"; path = "Pods/Target Support Files/Pods-RadioAtlasUITests/Pods-RadioAtlasUITests.release.xcconfig"; sourceTree = "<group>"; };
		873B5FDC1E2FB6970057D735 /* RadioAtlas.app */ = {isa = PBXFileReference; explicitFileType = wrapper.application; includeInIndex = 0; path = RadioAtlas.app; sourceTree = BUILT_PRODUCTS_DIR; };
		873B5FDF1E2FB6970057D735 /* AppDelegate.swift */ = {isa = PBXFileReference; lastKnownFileType = sourcecode.swift; path = AppDelegate.swift; sourceTree = "<group>"; };
		873B5FE11E2FB6970057D735 /* MapViewController.swift */ = {isa = PBXFileReference; lastKnownFileType = sourcecode.swift; path = MapViewController.swift; sourceTree = "<group>"; };
		873B5FE41E2FB6970057D735 /* Base */ = {isa = PBXFileReference; lastKnownFileType = file.storyboard; name = Base; path = Base.lproj/Main.storyboard; sourceTree = "<group>"; };
		873B5FE71E2FB6970057D735 /* RadioAtlas.xcdatamodel */ = {isa = PBXFileReference; lastKnownFileType = wrapper.xcdatamodel; path = RadioAtlas.xcdatamodel; sourceTree = "<group>"; };
		873B5FE91E2FB6970057D735 /* Assets.xcassets */ = {isa = PBXFileReference; lastKnownFileType = folder.assetcatalog; path = Assets.xcassets; sourceTree = "<group>"; };
		873B5FEC1E2FB6970057D735 /* Base */ = {isa = PBXFileReference; lastKnownFileType = file.storyboard; name = Base; path = Base.lproj/LaunchScreen.storyboard; sourceTree = "<group>"; };
		873B5FEE1E2FB6970057D735 /* Info.plist */ = {isa = PBXFileReference; lastKnownFileType = text.plist.xml; path = Info.plist; sourceTree = "<group>"; };
		873B5FF31E2FB6980057D735 /* RadioAtlasTests.xctest */ = {isa = PBXFileReference; explicitFileType = wrapper.cfbundle; includeInIndex = 0; path = RadioAtlasTests.xctest; sourceTree = BUILT_PRODUCTS_DIR; };
		873B5FF71E2FB6980057D735 /* RadioAtlasTests.swift */ = {isa = PBXFileReference; lastKnownFileType = sourcecode.swift; path = RadioAtlasTests.swift; sourceTree = "<group>"; };
		873B5FF91E2FB6980057D735 /* Info.plist */ = {isa = PBXFileReference; lastKnownFileType = text.plist.xml; path = Info.plist; sourceTree = "<group>"; };
		873B5FFE1E2FB6980057D735 /* RadioAtlasUITests.xctest */ = {isa = PBXFileReference; explicitFileType = wrapper.cfbundle; includeInIndex = 0; path = RadioAtlasUITests.xctest; sourceTree = BUILT_PRODUCTS_DIR; };
		873B60021E2FB6980057D735 /* RadioAtlasUITests.swift */ = {isa = PBXFileReference; lastKnownFileType = sourcecode.swift; path = RadioAtlasUITests.swift; sourceTree = "<group>"; };
		873B60041E2FB6980057D735 /* Info.plist */ = {isa = PBXFileReference; lastKnownFileType = text.plist.xml; path = Info.plist; sourceTree = "<group>"; };
		873B60111E2FBB820057D735 /* Reachability.swift */ = {isa = PBXFileReference; fileEncoding = 4; lastKnownFileType = sourcecode.swift; path = Reachability.swift; sourceTree = "<group>"; };
		873B60131E2FBB9A0057D735 /* PinAnnotation.swift */ = {isa = PBXFileReference; fileEncoding = 4; lastKnownFileType = sourcecode.swift; path = PinAnnotation.swift; sourceTree = "<group>"; };
		873B60151E2FBBAF0057D735 /* TableViewController.swift */ = {isa = PBXFileReference; fileEncoding = 4; lastKnownFileType = sourcecode.swift; path = TableViewController.swift; sourceTree = "<group>"; };
		873B60171E2FBBC00057D735 /* TableViewCell.swift */ = {isa = PBXFileReference; fileEncoding = 4; lastKnownFileType = sourcecode.swift; path = TableViewCell.swift; sourceTree = "<group>"; };
		873B601E1E2FBC3B0057D735 /* Constants.swift */ = {isa = PBXFileReference; fileEncoding = 4; lastKnownFileType = sourcecode.swift; path = Constants.swift; sourceTree = "<group>"; };
		873B60201E2FBC4B0057D735 /* Client.swift */ = {isa = PBXFileReference; fileEncoding = 4; lastKnownFileType = sourcecode.swift; path = Client.swift; sourceTree = "<group>"; };
		873B60221E2FBC5D0057D735 /* Convenience.swift */ = {isa = PBXFileReference; fileEncoding = 4; lastKnownFileType = sourcecode.swift; path = Convenience.swift; sourceTree = "<group>"; };
		873B60271E2FBCFC0057D735 /* CoreDataStackManager.swift */ = {isa = PBXFileReference; fileEncoding = 4; lastKnownFileType = sourcecode.swift; path = CoreDataStackManager.swift; sourceTree = "<group>"; };
		873B60291E2FBD120057D735 /* RadioInfo.swift */ = {isa = PBXFileReference; fileEncoding = 4; lastKnownFileType = sourcecode.swift; path = RadioInfo.swift; sourceTree = "<group>"; };
		873B602F1E2FBE6E0057D735 /* Station+CoreDataClass.swift */ = {isa = PBXFileReference; fileEncoding = 4; lastKnownFileType = sourcecode.swift; path = "Station+CoreDataClass.swift"; sourceTree = "<group>"; };
		873B60341E2FD18E0057D735 /* CoreLocation.framework */ = {isa = PBXFileReference; lastKnownFileType = wrapper.framework; name = CoreLocation.framework; path = System/Library/Frameworks/CoreLocation.framework; sourceTree = SDKROOT; };
		873B60361E2FD1960057D735 /* AVFoundation.framework */ = {isa = PBXFileReference; lastKnownFileType = wrapper.framework; name = AVFoundation.framework; path = System/Library/Frameworks/AVFoundation.framework; sourceTree = SDKROOT; };
		873B60381E2FD19F0057D735 /* MapKit.framework */ = {isa = PBXFileReference; lastKnownFileType = wrapper.framework; name = MapKit.framework; path = System/Library/Frameworks/MapKit.framework; sourceTree = SDKROOT; };
		87C7FF181E4E6790004533EC /* Music.swift */ = {isa = PBXFileReference; fileEncoding = 4; lastKnownFileType = sourcecode.swift; path = Music.swift; sourceTree = "<group>"; };
		8934AC8AC195250FD3522B8E /* Pods_RadioAtlasUITests.framework */ = {isa = PBXFileReference; explicitFileType = wrapper.framework; includeInIndex = 0; path = Pods_RadioAtlasUITests.framework; sourceTree = BUILT_PRODUCTS_DIR; };
		97C20605922CC577CF14A5A0 /* Pods_RadioAtlasTests.framework */ = {isa = PBXFileReference; explicitFileType = wrapper.framework; includeInIndex = 0; path = Pods_RadioAtlasTests.framework; sourceTree = BUILT_PRODUCTS_DIR; };
		9A4A5998B6A3BAA06FEA190C /* Pods-RadioAtlas.debug.xcconfig */ = {isa = PBXFileReference; includeInIndex = 1; lastKnownFileType = text.xcconfig; name = "Pods-RadioAtlas.debug.xcconfig"; path = "Pods/Target Support Files/Pods-RadioAtlas/Pods-RadioAtlas.debug.xcconfig"; sourceTree = "<group>"; };
		AB0D97FF36DEB17814F15965 /* Pods-RadioAtlasUITests.debug.xcconfig */ = {isa = PBXFileReference; includeInIndex = 1; lastKnownFileType = text.xcconfig; name = "Pods-RadioAtlasUITests.debug.xcconfig"; path = "Pods/Target Support Files/Pods-RadioAtlasUITests/Pods-RadioAtlasUITests.debug.xcconfig"; sourceTree = "<group>"; };
		B1D107EC6E00268C784D529E /* Pods-RadioAtlas.release.xcconfig */ = {isa = PBXFileReference; includeInIndex = 1; lastKnownFileType = text.xcconfig; name = "Pods-RadioAtlas.release.xcconfig"; path = "Pods/Target Support Files/Pods-RadioAtlas/Pods-RadioAtlas.release.xcconfig"; sourceTree = "<group>"; };
		C6DADF5F341C327C325DD40E /* Pods-RadioAtlasTests.release.xcconfig */ = {isa = PBXFileReference; includeInIndex = 1; lastKnownFileType = text.xcconfig; name = "Pods-RadioAtlasTests.release.xcconfig"; path = "Pods/Target Support Files/Pods-RadioAtlasTests/Pods-RadioAtlasTests.release.xcconfig"; sourceTree = "<group>"; };
		D2AD0BD8ABFD2859F926FF88 /* Pods-RadioAtlasTests.debug.xcconfig */ = {isa = PBXFileReference; includeInIndex = 1; lastKnownFileType = text.xcconfig; name = "Pods-RadioAtlasTests.debug.xcconfig"; path = "Pods/Target Support Files/Pods-RadioAtlasTests/Pods-RadioAtlasTests.debug.xcconfig"; sourceTree = "<group>"; };
		D304623B70BA7360E16934D6 /* Pods_RadioAtlas.framework */ = {isa = PBXFileReference; explicitFileType = wrapper.framework; includeInIndex = 0; path = Pods_RadioAtlas.framework; sourceTree = BUILT_PRODUCTS_DIR; };
/* End PBXFileReference section */

/* Begin PBXFrameworksBuildPhase section */
		873B5FD91E2FB6970057D735 /* Frameworks */ = {
			isa = PBXFrameworksBuildPhase;
			buildActionMask = 2147483647;
			files = (
				873B60391E2FD19F0057D735 /* MapKit.framework in Frameworks */,
				873B60371E2FD1960057D735 /* AVFoundation.framework in Frameworks */,
				873B60351E2FD18E0057D735 /* CoreLocation.framework in Frameworks */,
				7D67D284014609AA2167E64A /* Pods_RadioAtlas.framework in Frameworks */,
			);
			runOnlyForDeploymentPostprocessing = 0;
		};
		873B5FF01E2FB6980057D735 /* Frameworks */ = {
			isa = PBXFrameworksBuildPhase;
			buildActionMask = 2147483647;
			files = (
				D3026B89E55364DECBE4877B /* Pods_RadioAtlasTests.framework in Frameworks */,
			);
			runOnlyForDeploymentPostprocessing = 0;
		};
		873B5FFB1E2FB6980057D735 /* Frameworks */ = {
			isa = PBXFrameworksBuildPhase;
			buildActionMask = 2147483647;
			files = (
				E649A9022A23FAEB13284159 /* Pods_RadioAtlasUITests.framework in Frameworks */,
			);
			runOnlyForDeploymentPostprocessing = 0;
		};
/* End PBXFrameworksBuildPhase section */

/* Begin PBXGroup section */
		4B6D27CF1E61ED2E002A56BF /* ClusterPins */ = {
			isa = PBXGroup;
			children = (
				4B72752D1E5A8DD1004D9A33 /* FBBoundingBox.swift */,
				4B7275171E5A8CF0004D9A33 /* FBAnnotation.swift */,
				4B7275181E5A8CF0004D9A33 /* FBAnnotationCluster.swift */,
				4B7275191E5A8CF0004D9A33 /* FBAnnotationClusterTemplate.swift */,
				4B72751A1E5A8CF0004D9A33 /* FBAnnotationClusterView.swift */,
				4B72751B1E5A8CF0004D9A33 /* FBAnnotationClusterViewConfiguration.swift */,
				4B72751D1E5A8CF0004D9A33 /* FBBoundingBox+MapKit.swift */,
				4B72751E1E5A8CF0004D9A33 /* FBClusteringManager.swift */,
				4B72751F1E5A8CF0004D9A33 /* FBQuadTree.swift */,
				4B7275201E5A8CF0004D9A33 /* FBQuadTreeNode.swift */,
				4B7275211E5A8CF0004D9A33 /* FBZoomLevel.swift */,
			);
			name = ClusterPins;
			sourceTree = "<group>";
		};
		873B5FD31E2FB6970057D735 = {
			isa = PBXGroup;
			children = (
				873B5FDE1E2FB6970057D735 /* RadioAtlas */,
				873B5FF61E2FB6980057D735 /* RadioAtlasTests */,
				873B60011E2FB6980057D735 /* RadioAtlasUITests */,
				873B5FDD1E2FB6970057D735 /* Products */,
				873B60331E2FD18E0057D735 /* Frameworks */,
				EA55D68214D8DA14C8410FB1 /* Pods */,
			);
			sourceTree = "<group>";
		};
		873B5FDD1E2FB6970057D735 /* Products */ = {
			isa = PBXGroup;
			children = (
				873B5FDC1E2FB6970057D735 /* RadioAtlas.app */,
				873B5FF31E2FB6980057D735 /* RadioAtlasTests.xctest */,
				873B5FFE1E2FB6980057D735 /* RadioAtlasUITests.xctest */,
			);
			name = Products;
			sourceTree = "<group>";
		};
		873B5FDE1E2FB6970057D735 /* RadioAtlas */ = {
			isa = PBXGroup;
			children = (
				873B60241E2FBCB50057D735 /* Model */,
				873B601B1E2FBC030057D735 /* API */,
				873B60191E2FBBCA0057D735 /* Assets */,
				873B60101E2FBB4E0057D735 /* View Controller */,
			);
			path = RadioAtlas;
			sourceTree = "<group>";
		};
		873B5FF61E2FB6980057D735 /* RadioAtlasTests */ = {
			isa = PBXGroup;
			children = (
				873B5FF71E2FB6980057D735 /* RadioAtlasTests.swift */,
				873B5FF91E2FB6980057D735 /* Info.plist */,
			);
			path = RadioAtlasTests;
			sourceTree = "<group>";
		};
		873B60011E2FB6980057D735 /* RadioAtlasUITests */ = {
			isa = PBXGroup;
			children = (
				873B60021E2FB6980057D735 /* RadioAtlasUITests.swift */,
				873B60041E2FB6980057D735 /* Info.plist */,
			);
			path = RadioAtlasUITests;
			sourceTree = "<group>";
		};
		873B60101E2FBB4E0057D735 /* View Controller */ = {
			isa = PBXGroup;
			children = (
				4B6D27CF1E61ED2E002A56BF /* ClusterPins */,
				873B5FDF1E2FB6970057D735 /* AppDelegate.swift */,
				873B5FEE1E2FB6970057D735 /* Info.plist */,
				873B5FE11E2FB6970057D735 /* MapViewController.swift */,
				873B60111E2FBB820057D735 /* Reachability.swift */,
				873B60131E2FBB9A0057D735 /* PinAnnotation.swift */,
				873B60151E2FBBAF0057D735 /* TableViewController.swift */,
				873B60171E2FBBC00057D735 /* TableViewCell.swift */,
				87C7FF181E4E6790004533EC /* Music.swift */,
				4B6D27CB1E614674002A56BF /* RadioAVPlayer.swift */,
				4B6D27CD1E6147A2002A56BF /* RadioAVPlayerItem.swift */,
			);
			name = "View Controller";
			sourceTree = "<group>";
		};
		873B60191E2FBBCA0057D735 /* Assets */ = {
			isa = PBXGroup;
			children = (
				873B5FE91E2FB6970057D735 /* Assets.xcassets */,
				873B5FEB1E2FB6970057D735 /* LaunchScreen.storyboard */,
				873B5FE31E2FB6970057D735 /* Main.storyboard */,
			);
			name = Assets;
			sourceTree = "<group>";
		};
		873B601B1E2FBC030057D735 /* API */ = {
			isa = PBXGroup;
			children = (
				873B601E1E2FBC3B0057D735 /* Constants.swift */,
				873B60201E2FBC4B0057D735 /* Client.swift */,
				873B60221E2FBC5D0057D735 /* Convenience.swift */,
			);
			name = API;
			sourceTree = "<group>";
		};
		873B60241E2FBCB50057D735 /* Model */ = {
			isa = PBXGroup;
			children = (
				873B602F1E2FBE6E0057D735 /* Station+CoreDataClass.swift */,
				873B5FE61E2FB6970057D735 /* RadioAtlas.xcdatamodeld */,
				873B60271E2FBCFC0057D735 /* CoreDataStackManager.swift */,
				873B60291E2FBD120057D735 /* RadioInfo.swift */,
			);
			name = Model;
			sourceTree = "<group>";
		};
		873B60331E2FD18E0057D735 /* Frameworks */ = {
			isa = PBXGroup;
			children = (
				873B60381E2FD19F0057D735 /* MapKit.framework */,
				873B60361E2FD1960057D735 /* AVFoundation.framework */,
				873B60341E2FD18E0057D735 /* CoreLocation.framework */,
				D304623B70BA7360E16934D6 /* Pods_RadioAtlas.framework */,
				97C20605922CC577CF14A5A0 /* Pods_RadioAtlasTests.framework */,
				8934AC8AC195250FD3522B8E /* Pods_RadioAtlasUITests.framework */,
			);
			name = Frameworks;
			sourceTree = "<group>";
		};
		EA55D68214D8DA14C8410FB1 /* Pods */ = {
			isa = PBXGroup;
			children = (
				9A4A5998B6A3BAA06FEA190C /* Pods-RadioAtlas.debug.xcconfig */,
				B1D107EC6E00268C784D529E /* Pods-RadioAtlas.release.xcconfig */,
				D2AD0BD8ABFD2859F926FF88 /* Pods-RadioAtlasTests.debug.xcconfig */,
				C6DADF5F341C327C325DD40E /* Pods-RadioAtlasTests.release.xcconfig */,
				AB0D97FF36DEB17814F15965 /* Pods-RadioAtlasUITests.debug.xcconfig */,
				5B90876A0EC360AAC0265B8E /* Pods-RadioAtlasUITests.release.xcconfig */,
			);
			name = Pods;
			sourceTree = "<group>";
		};
/* End PBXGroup section */

/* Begin PBXNativeTarget section */
		873B5FDB1E2FB6970057D735 /* RadioAtlas */ = {
			isa = PBXNativeTarget;
			buildConfigurationList = 873B60071E2FB6980057D735 /* Build configuration list for PBXNativeTarget "RadioAtlas" */;
			buildPhases = (
				4251A65853A392C7A7754E8B /* [CP] Check Pods Manifest.lock */,
				873B5FD81E2FB6970057D735 /* Sources */,
				873B5FD91E2FB6970057D735 /* Frameworks */,
				873B5FDA1E2FB6970057D735 /* Resources */,
				68F30E45F119D8132A29D0B1 /* [CP] Embed Pods Frameworks */,
				D518300A5B3DE768A38D21C1 /* [CP] Copy Pods Resources */,
			);
			buildRules = (
			);
			dependencies = (
			);
			name = RadioAtlas;
			productName = RadioAtlas;
			productReference = 873B5FDC1E2FB6970057D735 /* RadioAtlas.app */;
			productType = "com.apple.product-type.application";
		};
		873B5FF21E2FB6980057D735 /* RadioAtlasTests */ = {
			isa = PBXNativeTarget;
			buildConfigurationList = 873B600A1E2FB6980057D735 /* Build configuration list for PBXNativeTarget "RadioAtlasTests" */;
			buildPhases = (
				0F38DC5D50D7095BA0911157 /* [CP] Check Pods Manifest.lock */,
				873B5FEF1E2FB6980057D735 /* Sources */,
				873B5FF01E2FB6980057D735 /* Frameworks */,
				873B5FF11E2FB6980057D735 /* Resources */,
				04D1762A64EB271AC38247A6 /* [CP] Embed Pods Frameworks */,
				46CCE0C519744862F63692F9 /* [CP] Copy Pods Resources */,
			);
			buildRules = (
			);
			dependencies = (
				873B5FF51E2FB6980057D735 /* PBXTargetDependency */,
			);
			name = RadioAtlasTests;
			productName = RadioAtlasTests;
			productReference = 873B5FF31E2FB6980057D735 /* RadioAtlasTests.xctest */;
			productType = "com.apple.product-type.bundle.unit-test";
		};
		873B5FFD1E2FB6980057D735 /* RadioAtlasUITests */ = {
			isa = PBXNativeTarget;
			buildConfigurationList = 873B600D1E2FB6980057D735 /* Build configuration list for PBXNativeTarget "RadioAtlasUITests" */;
			buildPhases = (
				9ACAF29AA92C59DC29B82D5E /* [CP] Check Pods Manifest.lock */,
				873B5FFA1E2FB6980057D735 /* Sources */,
				873B5FFB1E2FB6980057D735 /* Frameworks */,
				873B5FFC1E2FB6980057D735 /* Resources */,
				407FA513F74C372AA37668FF /* [CP] Embed Pods Frameworks */,
				2E05C7EC5EF92E044DAA5307 /* [CP] Copy Pods Resources */,
			);
			buildRules = (
			);
			dependencies = (
				873B60001E2FB6980057D735 /* PBXTargetDependency */,
			);
			name = RadioAtlasUITests;
			productName = RadioAtlasUITests;
			productReference = 873B5FFE1E2FB6980057D735 /* RadioAtlasUITests.xctest */;
			productType = "com.apple.product-type.bundle.ui-testing";
		};
/* End PBXNativeTarget section */

/* Begin PBXProject section */
		873B5FD41E2FB6970057D735 /* Project object */ = {
			isa = PBXProject;
			attributes = {
				LastSwiftUpdateCheck = 0820;
				LastUpgradeCheck = 0820;
				ORGANIZATIONNAME = Souji;
				TargetAttributes = {
					873B5FDB1E2FB6970057D735 = {
						CreatedOnToolsVersion = 8.2;
						DevelopmentTeam = 879NQX5T3A;
						LastSwiftMigration = 0820;
						ProvisioningStyle = Automatic;
						SystemCapabilities = {
							com.apple.BackgroundModes = {
								enabled = 1;
							};
						};
					};
					873B5FF21E2FB6980057D735 = {
						CreatedOnToolsVersion = 8.2;
						LastSwiftMigration = 0820;
						ProvisioningStyle = Automatic;
						TestTargetID = 873B5FDB1E2FB6970057D735;
					};
					873B5FFD1E2FB6980057D735 = {
						CreatedOnToolsVersion = 8.2;
						LastSwiftMigration = 0820;
						ProvisioningStyle = Automatic;
						TestTargetID = 873B5FDB1E2FB6970057D735;
					};
				};
			};
			buildConfigurationList = 873B5FD71E2FB6970057D735 /* Build configuration list for PBXProject "RadioAtlas" */;
			compatibilityVersion = "Xcode 3.2";
			developmentRegion = English;
			hasScannedForEncodings = 0;
			knownRegions = (
				en,
				Base,
			);
			mainGroup = 873B5FD31E2FB6970057D735;
			productRefGroup = 873B5FDD1E2FB6970057D735 /* Products */;
			projectDirPath = "";
			projectRoot = "";
			targets = (
				873B5FDB1E2FB6970057D735 /* RadioAtlas */,
				873B5FF21E2FB6980057D735 /* RadioAtlasTests */,
				873B5FFD1E2FB6980057D735 /* RadioAtlasUITests */,
			);
		};
/* End PBXProject section */

/* Begin PBXResourcesBuildPhase section */
		873B5FDA1E2FB6970057D735 /* Resources */ = {
			isa = PBXResourcesBuildPhase;
			buildActionMask = 2147483647;
			files = (
				873B5FED1E2FB6970057D735 /* LaunchScreen.storyboard in Resources */,
				873B5FEA1E2FB6970057D735 /* Assets.xcassets in Resources */,
				873B5FE51E2FB6970057D735 /* Main.storyboard in Resources */,
			);
			runOnlyForDeploymentPostprocessing = 0;
		};
		873B5FF11E2FB6980057D735 /* Resources */ = {
			isa = PBXResourcesBuildPhase;
			buildActionMask = 2147483647;
			files = (
				878130631E35C6FA00E70D0B /* Assets.xcassets in Resources */,
			);
			runOnlyForDeploymentPostprocessing = 0;
		};
		873B5FFC1E2FB6980057D735 /* Resources */ = {
			isa = PBXResourcesBuildPhase;
			buildActionMask = 2147483647;
			files = (
				878130641E35C6FB00E70D0B /* Assets.xcassets in Resources */,
			);
			runOnlyForDeploymentPostprocessing = 0;
		};
/* End PBXResourcesBuildPhase section */

/* Begin PBXShellScriptBuildPhase section */
		04D1762A64EB271AC38247A6 /* [CP] Embed Pods Frameworks */ = {
			isa = PBXShellScriptBuildPhase;
			buildActionMask = 2147483647;
			files = (
			);
			inputPaths = (
			);
			name = "[CP] Embed Pods Frameworks";
			outputPaths = (
			);
			runOnlyForDeploymentPostprocessing = 0;
			shellPath = /bin/sh;
			shellScript = "\"${SRCROOT}/Pods/Target Support Files/Pods-RadioAtlasTests/Pods-RadioAtlasTests-frameworks.sh\"\n";
			showEnvVarsInLog = 0;
		};
		0F38DC5D50D7095BA0911157 /* [CP] Check Pods Manifest.lock */ = {
			isa = PBXShellScriptBuildPhase;
			buildActionMask = 2147483647;
			files = (
			);
			inputPaths = (
			);
			name = "[CP] Check Pods Manifest.lock";
			outputPaths = (
			);
			runOnlyForDeploymentPostprocessing = 0;
			shellPath = /bin/sh;
			shellScript = "diff \"${PODS_ROOT}/../Podfile.lock\" \"${PODS_ROOT}/Manifest.lock\" > /dev/null\nif [ $? != 0 ] ; then\n    # print error to STDERR\n    echo \"error: The sandbox is not in sync with the Podfile.lock. Run 'pod install' or update your CocoaPods installation.\" >&2\n    exit 1\nfi\n";
			showEnvVarsInLog = 0;
		};
		2E05C7EC5EF92E044DAA5307 /* [CP] Copy Pods Resources */ = {
			isa = PBXShellScriptBuildPhase;
			buildActionMask = 2147483647;
			files = (
			);
			inputPaths = (
			);
			name = "[CP] Copy Pods Resources";
			outputPaths = (
			);
			runOnlyForDeploymentPostprocessing = 0;
			shellPath = /bin/sh;
			shellScript = "\"${SRCROOT}/Pods/Target Support Files/Pods-RadioAtlasUITests/Pods-RadioAtlasUITests-resources.sh\"\n";
			showEnvVarsInLog = 0;
		};
		407FA513F74C372AA37668FF /* [CP] Embed Pods Frameworks */ = {
			isa = PBXShellScriptBuildPhase;
			buildActionMask = 2147483647;
			files = (
			);
			inputPaths = (
			);
			name = "[CP] Embed Pods Frameworks";
			outputPaths = (
			);
			runOnlyForDeploymentPostprocessing = 0;
			shellPath = /bin/sh;
			shellScript = "\"${SRCROOT}/Pods/Target Support Files/Pods-RadioAtlasUITests/Pods-RadioAtlasUITests-frameworks.sh\"\n";
			showEnvVarsInLog = 0;
		};
		4251A65853A392C7A7754E8B /* [CP] Check Pods Manifest.lock */ = {
			isa = PBXShellScriptBuildPhase;
			buildActionMask = 2147483647;
			files = (
			);
			inputPaths = (
			);
			name = "[CP] Check Pods Manifest.lock";
			outputPaths = (
			);
			runOnlyForDeploymentPostprocessing = 0;
			shellPath = /bin/sh;
			shellScript = "diff \"${PODS_ROOT}/../Podfile.lock\" \"${PODS_ROOT}/Manifest.lock\" > /dev/null\nif [ $? != 0 ] ; then\n    # print error to STDERR\n    echo \"error: The sandbox is not in sync with the Podfile.lock. Run 'pod install' or update your CocoaPods installation.\" >&2\n    exit 1\nfi\n";
			showEnvVarsInLog = 0;
		};
		46CCE0C519744862F63692F9 /* [CP] Copy Pods Resources */ = {
			isa = PBXShellScriptBuildPhase;
			buildActionMask = 2147483647;
			files = (
			);
			inputPaths = (
			);
			name = "[CP] Copy Pods Resources";
			outputPaths = (
			);
			runOnlyForDeploymentPostprocessing = 0;
			shellPath = /bin/sh;
			shellScript = "\"${SRCROOT}/Pods/Target Support Files/Pods-RadioAtlasTests/Pods-RadioAtlasTests-resources.sh\"\n";
			showEnvVarsInLog = 0;
		};
		68F30E45F119D8132A29D0B1 /* [CP] Embed Pods Frameworks */ = {
			isa = PBXShellScriptBuildPhase;
			buildActionMask = 2147483647;
			files = (
			);
			inputPaths = (
			);
			name = "[CP] Embed Pods Frameworks";
			outputPaths = (
			);
			runOnlyForDeploymentPostprocessing = 0;
			shellPath = /bin/sh;
			shellScript = "\"${SRCROOT}/Pods/Target Support Files/Pods-RadioAtlas/Pods-RadioAtlas-frameworks.sh\"\n";
			showEnvVarsInLog = 0;
		};
		9ACAF29AA92C59DC29B82D5E /* [CP] Check Pods Manifest.lock */ = {
			isa = PBXShellScriptBuildPhase;
			buildActionMask = 2147483647;
			files = (
			);
			inputPaths = (
			);
			name = "[CP] Check Pods Manifest.lock";
			outputPaths = (
			);
			runOnlyForDeploymentPostprocessing = 0;
			shellPath = /bin/sh;
			shellScript = "diff \"${PODS_ROOT}/../Podfile.lock\" \"${PODS_ROOT}/Manifest.lock\" > /dev/null\nif [ $? != 0 ] ; then\n    # print error to STDERR\n    echo \"error: The sandbox is not in sync with the Podfile.lock. Run 'pod install' or update your CocoaPods installation.\" >&2\n    exit 1\nfi\n";
			showEnvVarsInLog = 0;
		};
		D518300A5B3DE768A38D21C1 /* [CP] Copy Pods Resources */ = {
			isa = PBXShellScriptBuildPhase;
			buildActionMask = 2147483647;
			files = (
			);
			inputPaths = (
			);
			name = "[CP] Copy Pods Resources";
			outputPaths = (
			);
			runOnlyForDeploymentPostprocessing = 0;
			shellPath = /bin/sh;
			shellScript = "\"${SRCROOT}/Pods/Target Support Files/Pods-RadioAtlas/Pods-RadioAtlas-resources.sh\"\n";
			showEnvVarsInLog = 0;
		};
/* End PBXShellScriptBuildPhase section */

/* Begin PBXSourcesBuildPhase section */
		873B5FD81E2FB6970057D735 /* Sources */ = {
			isa = PBXSourcesBuildPhase;
			buildActionMask = 2147483647;
			files = (
				873B5FE81E2FB6970057D735 /* RadioAtlas.xcdatamodeld in Sources */,
				4B6D27CC1E614674002A56BF /* RadioAVPlayer.swift in Sources */,
				4B7275291E5A8CF0004D9A33 /* FBClusteringManager.swift in Sources */,
				873B60231E2FBC5D0057D735 /* Convenience.swift in Sources */,
				873B60281E2FBCFC0057D735 /* CoreDataStackManager.swift in Sources */,
				873B60161E2FBBAF0057D735 /* TableViewController.swift in Sources */,
				4B7275261E5A8CF0004D9A33 /* FBAnnotationClusterViewConfiguration.swift in Sources */,
				4B7275251E5A8CF0004D9A33 /* FBAnnotationClusterView.swift in Sources */,
				873B5FE21E2FB6970057D735 /* MapViewController.swift in Sources */,
				4B6D27CE1E6147A2002A56BF /* RadioAVPlayerItem.swift in Sources */,
				4B72752B1E5A8CF0004D9A33 /* FBQuadTreeNode.swift in Sources */,
				873B60141E2FBB9A0057D735 /* PinAnnotation.swift in Sources */,
				873B60121E2FBB820057D735 /* Reachability.swift in Sources */,
				873B60181E2FBBC00057D735 /* TableViewCell.swift in Sources */,
				4B7275221E5A8CF0004D9A33 /* FBAnnotation.swift in Sources */,
				4B7275231E5A8CF0004D9A33 /* FBAnnotationCluster.swift in Sources */,
				873B60311E2FBE6E0057D735 /* Station+CoreDataClass.swift in Sources */,
				4B7275281E5A8CF0004D9A33 /* FBBoundingBox+MapKit.swift in Sources */,
				4B7275241E5A8CF0004D9A33 /* FBAnnotationClusterTemplate.swift in Sources */,
				873B5FE01E2FB6970057D735 /* AppDelegate.swift in Sources */,
				873B602A1E2FBD120057D735 /* RadioInfo.swift in Sources */,
				4B72752E1E5A8DD1004D9A33 /* FBBoundingBox.swift in Sources */,
				4B72752A1E5A8CF0004D9A33 /* FBQuadTree.swift in Sources */,
				87C7FF191E4E6790004533EC /* Music.swift in Sources */,
				4B72752C1E5A8CF0004D9A33 /* FBZoomLevel.swift in Sources */,
				873B601F1E2FBC3B0057D735 /* Constants.swift in Sources */,
				873B60211E2FBC4B0057D735 /* Client.swift in Sources */,
			);
			runOnlyForDeploymentPostprocessing = 0;
		};
		873B5FEF1E2FB6980057D735 /* Sources */ = {
			isa = PBXSourcesBuildPhase;
			buildActionMask = 2147483647;
			files = (
				873B5FF81E2FB6980057D735 /* RadioAtlasTests.swift in Sources */,
			);
			runOnlyForDeploymentPostprocessing = 0;
		};
		873B5FFA1E2FB6980057D735 /* Sources */ = {
			isa = PBXSourcesBuildPhase;
			buildActionMask = 2147483647;
			files = (
				873B60031E2FB6980057D735 /* RadioAtlasUITests.swift in Sources */,
			);
			runOnlyForDeploymentPostprocessing = 0;
		};
/* End PBXSourcesBuildPhase section */

/* Begin PBXTargetDependency section */
		873B5FF51E2FB6980057D735 /* PBXTargetDependency */ = {
			isa = PBXTargetDependency;
			target = 873B5FDB1E2FB6970057D735 /* RadioAtlas */;
			targetProxy = 873B5FF41E2FB6980057D735 /* PBXContainerItemProxy */;
		};
		873B60001E2FB6980057D735 /* PBXTargetDependency */ = {
			isa = PBXTargetDependency;
			target = 873B5FDB1E2FB6970057D735 /* RadioAtlas */;
			targetProxy = 873B5FFF1E2FB6980057D735 /* PBXContainerItemProxy */;
		};
/* End PBXTargetDependency section */

/* Begin PBXVariantGroup section */
		873B5FE31E2FB6970057D735 /* Main.storyboard */ = {
			isa = PBXVariantGroup;
			children = (
				873B5FE41E2FB6970057D735 /* Base */,
			);
			name = Main.storyboard;
			sourceTree = "<group>";
		};
		873B5FEB1E2FB6970057D735 /* LaunchScreen.storyboard */ = {
			isa = PBXVariantGroup;
			children = (
				873B5FEC1E2FB6970057D735 /* Base */,
			);
			name = LaunchScreen.storyboard;
			sourceTree = "<group>";
		};
/* End PBXVariantGroup section */

/* Begin XCBuildConfiguration section */
		873B60051E2FB6980057D735 /* Debug */ = {
			isa = XCBuildConfiguration;
			buildSettings = {
				ALWAYS_SEARCH_USER_PATHS = NO;
				CLANG_ANALYZER_NONNULL = YES;
				CLANG_CXX_LANGUAGE_STANDARD = "gnu++0x";
				CLANG_CXX_LIBRARY = "libc++";
				CLANG_ENABLE_MODULES = YES;
				CLANG_ENABLE_OBJC_ARC = YES;
				CLANG_WARN_BOOL_CONVERSION = YES;
				CLANG_WARN_CONSTANT_CONVERSION = YES;
				CLANG_WARN_DIRECT_OBJC_ISA_USAGE = YES_ERROR;
				CLANG_WARN_DOCUMENTATION_COMMENTS = YES;
				CLANG_WARN_EMPTY_BODY = YES;
				CLANG_WARN_ENUM_CONVERSION = YES;
				CLANG_WARN_INFINITE_RECURSION = YES;
				CLANG_WARN_INT_CONVERSION = YES;
				CLANG_WARN_OBJC_ROOT_CLASS = YES_ERROR;
				CLANG_WARN_SUSPICIOUS_MOVE = YES;
				CLANG_WARN_UNREACHABLE_CODE = YES;
				CLANG_WARN__DUPLICATE_METHOD_MATCH = YES;
				"CODE_SIGN_IDENTITY[sdk=iphoneos*]" = "iPhone Developer";
				COPY_PHASE_STRIP = NO;
				DEBUG_INFORMATION_FORMAT = dwarf;
				ENABLE_STRICT_OBJC_MSGSEND = YES;
				ENABLE_TESTABILITY = YES;
				GCC_C_LANGUAGE_STANDARD = gnu99;
				GCC_DYNAMIC_NO_PIC = NO;
				GCC_NO_COMMON_BLOCKS = YES;
				GCC_OPTIMIZATION_LEVEL = 0;
				GCC_PREPROCESSOR_DEFINITIONS = (
					"DEBUG=1",
					"$(inherited)",
				);
				GCC_WARN_64_TO_32_BIT_CONVERSION = YES;
				GCC_WARN_ABOUT_RETURN_TYPE = YES_ERROR;
				GCC_WARN_UNDECLARED_SELECTOR = YES;
				GCC_WARN_UNINITIALIZED_AUTOS = YES_AGGRESSIVE;
				GCC_WARN_UNUSED_FUNCTION = YES;
				GCC_WARN_UNUSED_VARIABLE = YES;
				IPHONEOS_DEPLOYMENT_TARGET = 10.2;
				MTL_ENABLE_DEBUG_INFO = YES;
				ONLY_ACTIVE_ARCH = YES;
				SDKROOT = iphoneos;
				SWIFT_ACTIVE_COMPILATION_CONDITIONS = DEBUG;
				SWIFT_OPTIMIZATION_LEVEL = "-Onone";
			};
			name = Debug;
		};
		873B60061E2FB6980057D735 /* Release */ = {
			isa = XCBuildConfiguration;
			buildSettings = {
				ALWAYS_SEARCH_USER_PATHS = NO;
				CLANG_ANALYZER_NONNULL = YES;
				CLANG_CXX_LANGUAGE_STANDARD = "gnu++0x";
				CLANG_CXX_LIBRARY = "libc++";
				CLANG_ENABLE_MODULES = YES;
				CLANG_ENABLE_OBJC_ARC = YES;
				CLANG_WARN_BOOL_CONVERSION = YES;
				CLANG_WARN_CONSTANT_CONVERSION = YES;
				CLANG_WARN_DIRECT_OBJC_ISA_USAGE = YES_ERROR;
				CLANG_WARN_DOCUMENTATION_COMMENTS = YES;
				CLANG_WARN_EMPTY_BODY = YES;
				CLANG_WARN_ENUM_CONVERSION = YES;
				CLANG_WARN_INFINITE_RECURSION = YES;
				CLANG_WARN_INT_CONVERSION = YES;
				CLANG_WARN_OBJC_ROOT_CLASS = YES_ERROR;
				CLANG_WARN_SUSPICIOUS_MOVE = YES;
				CLANG_WARN_UNREACHABLE_CODE = YES;
				CLANG_WARN__DUPLICATE_METHOD_MATCH = YES;
				"CODE_SIGN_IDENTITY[sdk=iphoneos*]" = "iPhone Developer";
				COPY_PHASE_STRIP = NO;
				DEBUG_INFORMATION_FORMAT = "dwarf-with-dsym";
				ENABLE_NS_ASSERTIONS = NO;
				ENABLE_STRICT_OBJC_MSGSEND = YES;
				GCC_C_LANGUAGE_STANDARD = gnu99;
				GCC_NO_COMMON_BLOCKS = YES;
				GCC_WARN_64_TO_32_BIT_CONVERSION = YES;
				GCC_WARN_ABOUT_RETURN_TYPE = YES_ERROR;
				GCC_WARN_UNDECLARED_SELECTOR = YES;
				GCC_WARN_UNINITIALIZED_AUTOS = YES_AGGRESSIVE;
				GCC_WARN_UNUSED_FUNCTION = YES;
				GCC_WARN_UNUSED_VARIABLE = YES;
				IPHONEOS_DEPLOYMENT_TARGET = 10.2;
				MTL_ENABLE_DEBUG_INFO = NO;
				SDKROOT = iphoneos;
				SWIFT_OPTIMIZATION_LEVEL = "-Owholemodule";
				VALIDATE_PRODUCT = YES;
			};
			name = Release;
		};
		873B60081E2FB6980057D735 /* Debug */ = {
			isa = XCBuildConfiguration;
			baseConfigurationReference = 9A4A5998B6A3BAA06FEA190C /* Pods-RadioAtlas.debug.xcconfig */;
			buildSettings = {
				ASSETCATALOG_COMPILER_APPICON_NAME = "AppIcon-1";
				ASSETCATALOG_COMPILER_LAUNCHIMAGE_NAME = LaunchImage;
				DEVELOPMENT_TEAM = 879NQX5T3A;
				INFOPLIST_FILE = RadioAtlas/Info.plist;
				IPHONEOS_DEPLOYMENT_TARGET = 10.2;
				LD_RUNPATH_SEARCH_PATHS = "$(inherited) @executable_path/Frameworks";
				PRODUCT_BUNDLE_IDENTIFIER = com.evani.RadioAtlas;
				PRODUCT_NAME = "$(TARGET_NAME)";
				SWIFT_VERSION = 3.0;
				TARGETED_DEVICE_FAMILY = 1;
			};
			name = Debug;
		};
		873B60091E2FB6980057D735 /* Release */ = {
			isa = XCBuildConfiguration;
			baseConfigurationReference = B1D107EC6E00268C784D529E /* Pods-RadioAtlas.release.xcconfig */;
			buildSettings = {
				ASSETCATALOG_COMPILER_APPICON_NAME = "AppIcon-1";
				ASSETCATALOG_COMPILER_LAUNCHIMAGE_NAME = LaunchImage;
				DEVELOPMENT_TEAM = 879NQX5T3A;
				INFOPLIST_FILE = RadioAtlas/Info.plist;
				IPHONEOS_DEPLOYMENT_TARGET = 10.2;
				LD_RUNPATH_SEARCH_PATHS = "$(inherited) @executable_path/Frameworks";
				PRODUCT_BUNDLE_IDENTIFIER = com.evani.RadioAtlas;
				PRODUCT_NAME = "$(TARGET_NAME)";
				SWIFT_VERSION = 3.0;
				TARGETED_DEVICE_FAMILY = 1;
			};
			name = Release;
		};
		873B600B1E2FB6980057D735 /* Debug */ = {
			isa = XCBuildConfiguration;
			baseConfigurationReference = D2AD0BD8ABFD2859F926FF88 /* Pods-RadioAtlasTests.debug.xcconfig */;
			buildSettings = {
				ALWAYS_EMBED_SWIFT_STANDARD_LIBRARIES = YES;
				BUNDLE_LOADER = "$(TEST_HOST)";
				INFOPLIST_FILE = RadioAtlasTests/Info.plist;
				LD_RUNPATH_SEARCH_PATHS = "$(inherited) @executable_path/Frameworks @loader_path/Frameworks";
				PRODUCT_BUNDLE_IDENTIFIER = com.udacity.RadioAtlasTests;
				PRODUCT_NAME = "$(TARGET_NAME)";
				SWIFT_VERSION = 3.0;
				TEST_HOST = "$(BUILT_PRODUCTS_DIR)/RadioAtlas.app/RadioAtlas";
			};
			name = Debug;
		};
		873B600C1E2FB6980057D735 /* Release */ = {
			isa = XCBuildConfiguration;
			baseConfigurationReference = C6DADF5F341C327C325DD40E /* Pods-RadioAtlasTests.release.xcconfig */;
			buildSettings = {
				ALWAYS_EMBED_SWIFT_STANDARD_LIBRARIES = YES;
				BUNDLE_LOADER = "$(TEST_HOST)";
				INFOPLIST_FILE = RadioAtlasTests/Info.plist;
				LD_RUNPATH_SEARCH_PATHS = "$(inherited) @executable_path/Frameworks @loader_path/Frameworks";
				PRODUCT_BUNDLE_IDENTIFIER = com.udacity.RadioAtlasTests;
				PRODUCT_NAME = "$(TARGET_NAME)";
				SWIFT_VERSION = 3.0;
				TEST_HOST = "$(BUILT_PRODUCTS_DIR)/RadioAtlas.app/RadioAtlas";
			};
			name = Release;
		};
		873B600E1E2FB6980057D735 /* Debug */ = {
			isa = XCBuildConfiguration;
			baseConfigurationReference = AB0D97FF36DEB17814F15965 /* Pods-RadioAtlasUITests.debug.xcconfig */;
			buildSettings = {
				ALWAYS_EMBED_SWIFT_STANDARD_LIBRARIES = YES;
				INFOPLIST_FILE = RadioAtlasUITests/Info.plist;
				LD_RUNPATH_SEARCH_PATHS = "$(inherited) @executable_path/Frameworks @loader_path/Frameworks";
				PRODUCT_BUNDLE_IDENTIFIER = com.udacity.RadioAtlasUITests;
				PRODUCT_NAME = "$(TARGET_NAME)";
				SWIFT_VERSION = 3.0;
				TEST_TARGET_NAME = RadioAtlas;
			};
			name = Debug;
		};
		873B600F1E2FB6980057D735 /* Release */ = {
			isa = XCBuildConfiguration;
			baseConfigurationReference = 5B90876A0EC360AAC0265B8E /* Pods-RadioAtlasUITests.release.xcconfig */;
			buildSettings = {
				ALWAYS_EMBED_SWIFT_STANDARD_LIBRARIES = YES;
				INFOPLIST_FILE = RadioAtlasUITests/Info.plist;
				LD_RUNPATH_SEARCH_PATHS = "$(inherited) @executable_path/Frameworks @loader_path/Frameworks";
				PRODUCT_BUNDLE_IDENTIFIER = com.udacity.RadioAtlasUITests;
				PRODUCT_NAME = "$(TARGET_NAME)";
				SWIFT_VERSION = 3.0;
				TEST_TARGET_NAME = RadioAtlas;
			};
			name = Release;
		};
/* End XCBuildConfiguration section */

/* Begin XCConfigurationList section */
		873B5FD71E2FB6970057D735 /* Build configuration list for PBXProject "RadioAtlas" */ = {
			isa = XCConfigurationList;
			buildConfigurations = (
				873B60051E2FB6980057D735 /* Debug */,
				873B60061E2FB6980057D735 /* Release */,
			);
			defaultConfigurationIsVisible = 0;
			defaultConfigurationName = Release;
		};
		873B60071E2FB6980057D735 /* Build configuration list for PBXNativeTarget "RadioAtlas" */ = {
			isa = XCConfigurationList;
			buildConfigurations = (
				873B60081E2FB6980057D735 /* Debug */,
				873B60091E2FB6980057D735 /* Release */,
			);
			defaultConfigurationIsVisible = 0;
			defaultConfigurationName = Release;
		};
		873B600A1E2FB6980057D735 /* Build configuration list for PBXNativeTarget "RadioAtlasTests" */ = {
			isa = XCConfigurationList;
			buildConfigurations = (
				873B600B1E2FB6980057D735 /* Debug */,
				873B600C1E2FB6980057D735 /* Release */,
			);
			defaultConfigurationIsVisible = 0;
			defaultConfigurationName = Release;
		};
		873B600D1E2FB6980057D735 /* Build configuration list for PBXNativeTarget "RadioAtlasUITests" */ = {
			isa = XCConfigurationList;
			buildConfigurations = (
				873B600E1E2FB6980057D735 /* Debug */,
				873B600F1E2FB6980057D735 /* Release */,
			);
			defaultConfigurationIsVisible = 0;
			defaultConfigurationName = Release;
		};
/* End XCConfigurationList section */

/* Begin XCVersionGroup section */
		873B5FE61E2FB6970057D735 /* RadioAtlas.xcdatamodeld */ = {
			isa = XCVersionGroup;
			children = (
				873B5FE71E2FB6970057D735 /* RadioAtlas.xcdatamodel */,
			);
			currentVersion = 873B5FE71E2FB6970057D735 /* RadioAtlas.xcdatamodel */;
			path = RadioAtlas.xcdatamodeld;
			sourceTree = "<group>";
			versionGroupType = wrapper.xcdatamodel;
		};
/* End XCVersionGroup section */
	};
	rootObject = 873B5FD41E2FB6970057D735 /* Project object */;
}
